
Microsoft Visual Studio Solution File, Format Version 12.00
# Visual Studio Version 16
VisualStudioVersion = 16.0.31025.194
MinimumVisualStudioVersion = 15.0.26124.0
Project("{2150E333-8FDC-42A3-9474-1A3956D46DE8}") = "src", "src", "{299F30B1-A089-4BCE-A51B-9F6A89F5B492}"
EndProject
Project("{2150E333-8FDC-42A3-9474-1A3956D46DE8}") = "tests", "tests", "{E5763ADA-88E2-446E-826D-456C8ADD0FE7}"
EndProject
Project("{9A19103F-16F7-4668-BE54-9A1E7A4F7556}") = "Sphinx.Data.Persistence", "src\Sphinx.Data.Persistence\Sphinx.Data.Persistence.csproj", "{68F934C4-8A9E-4BD9-9C2C-2341D9CD2BAA}"
EndProject
Project("{9A19103F-16F7-4668-BE54-9A1E7A4F7556}") = "Sphinx.Web.Shared", "src\Sphinx.Web.Shared\Sphinx.Web.Shared.csproj", "{9BF9C154-30B0-4316-BAF6-2366F00DC550}"
EndProject
Project("{9A19103F-16F7-4668-BE54-9A1E7A4F7556}") = "Sphinx.Web.Server", "src\Sphinx.Web.Server\Sphinx.Web.Server.csproj", "{ACEE1480-39BC-470D-B962-E8FECCECE774}"
EndProject
Project("{9A19103F-16F7-4668-BE54-9A1E7A4F7556}") = "Sphinx.Web.Client", "src\Sphinx.Web.Client\Sphinx.Web.Client.csproj", "{5C423D89-66F6-40CA-A16B-79D97D0941B8}"
EndProject
Project("{2150E333-8FDC-42A3-9474-1A3956D46DE8}") = "Solution Items", "Solution Items", "{158F6F26-31F7-4795-9BB6-97C21915D820}"
	ProjectSection(SolutionItems) = preProject
		.config\.editorconfig = .config\.editorconfig
		.config\.gitignore-dotnet = .config\.gitignore-dotnet
		.config\Directory.Build.props = .config\Directory.Build.props
		.config\Directory.Build.targets = .config\Directory.Build.targets
		.config\dotnet.ruleset = .config\dotnet.ruleset
	EndProjectSection
EndProject
Global
	GlobalSection(SolutionConfigurationPlatforms) = preSolution
		Debug|Any CPU = Debug|Any CPU
		Release|Any CPU = Release|Any CPU
	EndGlobalSection
	GlobalSection(ProjectConfigurationPlatforms) = postSolution
		{68F934C4-8A9E-4BD9-9C2C-2341D9CD2BAA}.Debug|Any CPU.ActiveCfg = Debug|Any CPU
		{68F934C4-8A9E-4BD9-9C2C-2341D9CD2BAA}.Debug|Any CPU.Build.0 = Debug|Any CPU
		{68F934C4-8A9E-4BD9-9C2C-2341D9CD2BAA}.Release|Any CPU.ActiveCfg = Release|Any CPU
		{68F934C4-8A9E-4BD9-9C2C-2341D9CD2BAA}.Release|Any CPU.Build.0 = Release|Any CPU
		{9BF9C154-30B0-4316-BAF6-2366F00DC550}.Debug|Any CPU.ActiveCfg = Debug|Any CPU
		{9BF9C154-30B0-4316-BAF6-2366F00DC550}.Debug|Any CPU.Build.0 = Debug|Any CPU
		{9BF9C154-30B0-4316-BAF6-2366F00DC550}.Release|Any CPU.ActiveCfg = Release|Any CPU
		{9BF9C154-30B0-4316-BAF6-2366F00DC550}.Release|Any CPU.Build.0 = Release|Any CPU
		{ACEE1480-39BC-470D-B962-E8FECCECE774}.Debug|Any CPU.ActiveCfg = Debug|Any CPU
		{ACEE1480-39BC-470D-B962-E8FECCECE774}.Debug|Any CPU.Build.0 = Debug|Any CPU
		{ACEE1480-39BC-470D-B962-E8FECCECE774}.Release|Any CPU.ActiveCfg = Release|Any CPU
		{ACEE1480-39BC-470D-B962-E8FECCECE774}.Release|Any CPU.Build.0 = Release|Any CPU
		{5C423D89-66F6-40CA-A16B-79D97D0941B8}.Debug|Any CPU.ActiveCfg = Debug|Any CPU
		{5C423D89-66F6-40CA-A16B-79D97D0941B8}.Debug|Any CPU.Build.0 = Debug|Any CPU
		{5C423D89-66F6-40CA-A16B-79D97D0941B8}.Release|Any CPU.ActiveCfg = Release|Any CPU
		{5C423D89-66F6-40CA-A16B-79D97D0941B8}.Release|Any CPU.Build.0 = Release|Any CPU
	EndGlobalSection
	GlobalSection(SolutionProperties) = preSolution
		HideSolutionNode = FALSE
	EndGlobalSection
	GlobalSection(NestedProjects) = preSolution
		{68F934C4-8A9E-4BD9-9C2C-2341D9CD2BAA} = {299F30B1-A089-4BCE-A51B-9F6A89F5B492}
		{9BF9C154-30B0-4316-BAF6-2366F00DC550} = {299F30B1-A089-4BCE-A51B-9F6A89F5B492}
		{ACEE1480-39BC-470D-B962-E8FECCECE774} = {299F30B1-A089-4BCE-A51B-9F6A89F5B492}
		{5C423D89-66F6-40CA-A16B-79D97D0941B8} = {299F30B1-A089-4BCE-A51B-9F6A89F5B492}
	EndGlobalSection
	GlobalSection(ExtensibilityGlobals) = postSolution
		SolutionGuid = {3C915712-1D17-4686-BBDB-51934432EA1D}
	EndGlobalSection
EndGlobal
