
Microsoft Visual Studio Solution File, Format Version 12.00
# Visual Studio Version 16
VisualStudioVersion = 16.0.31025.194
MinimumVisualStudioVersion = 15.0.26124.0
Project("{2150E333-8FDC-42A3-9474-1A3956D46DE8}") = "src", "src", "{299F30B1-A089-4BCE-A51B-9F6A89F5B492}"
EndProject
Project("{2150E333-8FDC-42A3-9474-1A3956D46DE8}") = "tests", "tests", "{E5763ADA-88E2-446E-826D-456C8ADD0FE7}"
EndProject
Project("{9A19103F-16F7-4668-BE54-9A1E7A4F7556}") = "Sphinx.Web.Shared", "src\Sphinx.Web.Shared\Sphinx.Web.Shared.csproj", "{34979111-FA6E-43E8-B9B7-3D2EDCF673D3}"
EndProject
Project("{9A19103F-16F7-4668-BE54-9A1E7A4F7556}") = "Sphinx.Web.Server", "src\Sphinx.Web.Server\Sphinx.Web.Server.csproj", "{4F042524-BDAE-4CC5-BC57-4013BA63FC07}"
EndProject
Project("{9A19103F-16F7-4668-BE54-9A1E7A4F7556}") = "Sphinx.Web.Client", "src\Sphinx.Web.Client\Sphinx.Web.Client.csproj", "{2A6588B8-76F2-4DE4-AB62-6ADB036421BF}"
EndProject
Global
	GlobalSection(SolutionConfigurationPlatforms) = preSolution
		Debug|Any CPU = Debug|Any CPU
		Release|Any CPU = Release|Any CPU
	EndGlobalSection
	GlobalSection(ProjectConfigurationPlatforms) = postSolution
		{34979111-FA6E-43E8-B9B7-3D2EDCF673D3}.Debug|Any CPU.ActiveCfg = Debug|Any CPU
		{34979111-FA6E-43E8-B9B7-3D2EDCF673D3}.Debug|Any CPU.Build.0 = Debug|Any CPU
		{34979111-FA6E-43E8-B9B7-3D2EDCF673D3}.Release|Any CPU.ActiveCfg = Release|Any CPU
		{34979111-FA6E-43E8-B9B7-3D2EDCF673D3}.Release|Any CPU.Build.0 = Release|Any CPU
		{4F042524-BDAE-4CC5-BC57-4013BA63FC07}.Debug|Any CPU.ActiveCfg = Debug|Any CPU
		{4F042524-BDAE-4CC5-BC57-4013BA63FC07}.Debug|Any CPU.Build.0 = Debug|Any CPU
		{4F042524-BDAE-4CC5-BC57-4013BA63FC07}.Release|Any CPU.ActiveCfg = Release|Any CPU
		{4F042524-BDAE-4CC5-BC57-4013BA63FC07}.Release|Any CPU.Build.0 = Release|Any CPU
		{2A6588B8-76F2-4DE4-AB62-6ADB036421BF}.Debug|Any CPU.ActiveCfg = Debug|Any CPU
		{2A6588B8-76F2-4DE4-AB62-6ADB036421BF}.Debug|Any CPU.Build.0 = Debug|Any CPU
		{2A6588B8-76F2-4DE4-AB62-6ADB036421BF}.Release|Any CPU.ActiveCfg = Release|Any CPU
		{2A6588B8-76F2-4DE4-AB62-6ADB036421BF}.Release|Any CPU.Build.0 = Release|Any CPU
	EndGlobalSection
	GlobalSection(SolutionProperties) = preSolution
		HideSolutionNode = FALSE
	EndGlobalSection
	GlobalSection(NestedProjects) = preSolution
		{34979111-FA6E-43E8-B9B7-3D2EDCF673D3} = {299F30B1-A089-4BCE-A51B-9F6A89F5B492}
		{4F042524-BDAE-4CC5-BC57-4013BA63FC07} = {299F30B1-A089-4BCE-A51B-9F6A89F5B492}
		{2A6588B8-76F2-4DE4-AB62-6ADB036421BF} = {299F30B1-A089-4BCE-A51B-9F6A89F5B492}
	EndGlobalSection
	GlobalSection(ExtensibilityGlobals) = postSolution
		SolutionGuid = {3C915712-1D17-4686-BBDB-51934432EA1D}
	EndGlobalSection
EndGlobal
