{
  "version": 1,
  "dependencies": {
    ".NETCoreApp,Version=v5.0": {
      "Microsoft.AspNetCore.Components.WebAssembly": {
        "type": "Direct",
        "requested": "[5.0.4, )",
        "resolved": "5.0.4",
        "contentHash": "6/zWAwHqOAULEYJQH4ZmRCXqCgLPghjSAQtS5XN5jXQw8IpHnVMjvgPxcKhWrSNotw6rJ1q6ZDXid8VUzwIw8w==",
        "dependencies": {
          "Microsoft.AspNetCore.Components.Web": "5.0.4",
          "Microsoft.Extensions.Configuration.Binder": "5.0.0",
          "Microsoft.Extensions.Configuration.Json": "5.0.0",
          "Microsoft.Extensions.Logging": "5.0.0",
          "Microsoft.JSInterop.WebAssembly": "5.0.4"
        }
      },
      "Microsoft.AspNetCore.Components.WebAssembly.Authentication": {
        "type": "Direct",
        "requested": "[5.0.4, )",
        "resolved": "5.0.4",
        "contentHash": "4TYygP/dKCcnVgABCFE44FBZGGFMhWADWSjjhcB/tjWRvsinktFGX+1qluSDvrq8bU8LOR5pJgsZsLb+/D7vkg==",
        "dependencies": {
          "Microsoft.AspNetCore.Components.Authorization": "5.0.4",
          "Microsoft.AspNetCore.Components.Web": "5.0.4"
        }
      },
      "Microsoft.AspNetCore.Components.WebAssembly.DevServer": {
        "type": "Direct",
        "requested": "[5.0.4, )",
        "resolved": "5.0.4",
        "contentHash": "eXIiIaYL6NUG0qw5WEMq0DwCHZ2VepwvTEIu8rxVV+xaS8bdpGjPvVfzI+ZV3qwOQqx5eJDEwjtPtEleC+UZUg=="
      },
      "Microsoft.CodeAnalysis.NetAnalyzers": {
        "type": "Direct",
        "requested": "[5.0.3, )",
        "resolved": "5.0.3",
        "contentHash": "7rw0JUPSAVGR0HPekQiQvwGPor44p/Ek21+wZABraG4bVYNrSkx98ZZsxSxG5jJ4oqjACJxea8E62UO0dsKDBw=="
      },
      "Microsoft.Extensions.Http": {
        "type": "Direct",
        "requested": "[5.0.0, )",
        "resolved": "5.0.0",
        "contentHash": "kT1ijDKZuSUhBtYoC1sXrmVKP7mA08h9Xrsr4VrS/QOtiKCEtUTTd7dd3XI9dwAb46tZSak13q/zdIcr4jqbyg==",
        "dependencies": {
          "Microsoft.Extensions.DependencyInjection.Abstractions": "5.0.0",
          "Microsoft.Extensions.Logging": "5.0.0",
          "Microsoft.Extensions.Logging.Abstractions": "5.0.0",
          "Microsoft.Extensions.Options": "5.0.0"
        }
      },
      "Microsoft.Web.LibraryManager.Build": {
        "type": "Direct",
        "requested": "[2.1.113, )",
        "resolved": "2.1.113",
        "contentHash": "sPbpMMMqcdvVL8dyugOY5o4APB2bY1I9ueBlrDTfMRMRHP+olcDoqCGnaCSluxoCnzRpz9H7TbT7G/mdWwKplw==",
        "dependencies": {
          "System.Runtime.Loader": "4.3.0"
        }
      },
      "Refit.HttpClientFactory": {
        "type": "Direct",
        "requested": "[6.0.38, )",
        "resolved": "6.0.38",
        "contentHash": "b5AfOUVLts5XtTZ2QNa1RhD1kRvnNmtANRk56zZ1X22s00/yD38x4dWbnPM1vbZdUtcWzCe0ufJ4tDBvxajvYw==",
        "dependencies": {
          "Microsoft.Extensions.Http": "5.0.0",
          "Refit": "6.0.38"
        }
      },
      "Serilog.Extensions.Logging": {
        "type": "Direct",
        "requested": "[3.0.1, )",
        "resolved": "3.0.1",
        "contentHash": "U0xbGoZuxJRjE3C5vlCfrf9a4xHTmbrCXKmaA14cHAqiT1Qir0rkV7Xss9GpPJR3MRYH19DFUUqZ9hvWeJrzdQ==",
        "dependencies": {
          "Microsoft.Extensions.Logging": "2.0.0",
          "Serilog": "2.8.0"
        }
      },
      "Serilog.Sinks.BrowserConsole": {
        "type": "Direct",
        "requested": "[1.0.0-dev-00019, )",
        "resolved": "1.0.0-dev-00019",
        "contentHash": "9z/NfnmC/pRTHGEN00AEag7fi1CToEs9pNurIxTkV3tDH0ow6OKw/gX5sLbEq80HdIOcot7+BONn5pTcV+leJQ==",
        "dependencies": {
          "Microsoft.AspNetCore.Components.WebAssembly": "5.0.0-rc.1.20451.17",
          "Serilog": "2.10.0"
        }
      },
      "Serilog.Sinks.BrowserHttp": {
        "type": "Direct",
        "requested": "[1.0.0-dev-00021, )",
        "resolved": "1.0.0-dev-00021",
        "contentHash": "Z3QTfdKbJGO1ogudk7s2sXgv/V12pxo1jMGX+IbKokx6onSgY+M0Awh8Oh2ihG/tkdQ4hhhhQOpJCKOU3EOXcA==",
        "dependencies": {
          "Serilog": "2.9.0",
          "Serilog.Formatting.Compact": "1.1.0",
          "Serilog.Sinks.PeriodicBatching": "2.2.0"
        }
      },
      "SerilogAnalyzer": {
        "type": "Direct",
        "requested": "[0.15.0, )",
        "resolved": "0.15.0",
        "contentHash": "sVpwfls4MfNnwIXLSGCgaUnV+c9kgJ8ia6GsyRcpd4Vs3gLogSDtSYBYrre2K2u/PNMo8GgG09RehwVnze70Tw=="
      },
      "SmartAnalyzers.ExceptionAnalyzer": {
        "type": "Direct",
        "requested": "[1.0.10, )",
        "resolved": "1.0.10",
        "contentHash": "vK2QCxSPUDXvxvgf60qqnHzpsNvW4D5yJpOyTKQbr8odSPw4M1GmDIUJuILfQo/QJb/FAE2Zzebr9pNpmbjxdw=="
      },
      "SmartAnalyzers.MultithreadingAnalyzer": {
        "type": "Direct",
        "requested": "[1.1.31, )",
        "resolved": "1.1.31",
        "contentHash": "2f2k7bbhDd132ArglCKpzKoWBcp3uzbIFcb4aosnlqIKlfYKDE2HevBVRNVa+LkWFnjXFFWs47Bo96fu8iS//Q=="
      },
      "StyleCop.Analyzers": {
        "type": "Direct",
        "requested": "[1.2.0-beta.333, )",
        "resolved": "1.2.0-beta.333",
        "contentHash": "o2r6o6TVTb6VdTtWEYT88/SgixcujjZ3gXMktvI/aNkA3y0CxUSVZEL23OjFe4/sDiTvldkdhKEyAQP9Z8r5wA==",
        "dependencies": {
          "StyleCop.Analyzers.Unstable": "1.2.0.333"
        }
      },
      "System.Net.Http.Json": {
        "type": "Direct",
        "requested": "[5.0.0, )",
        "resolved": "5.0.0",
        "contentHash": "3CPSQpCzEmI9o+1G79TnPCjF40omCdnoXj2Rg76BDwGj5+LZnFPjV+t35eedlvl+uthmholk/XXxXTYgJWSexw=="
      },
      "Microsoft.AspNetCore.Authorization": {
        "type": "Transitive",
        "resolved": "5.0.4",
        "contentHash": "Dwzl3JvBpPo6kkw8uZ+I/s7qzUDZ9YeGkLecFKevfk69YoKN945VfLREV06fJnINaC/cGkPy7cd/mvMyiyaQ0w==",
        "dependencies": {
          "Microsoft.AspNetCore.Metadata": "5.0.4",
          "Microsoft.Extensions.Logging.Abstractions": "5.0.0",
          "Microsoft.Extensions.Options": "5.0.0"
        }
      },
      "Microsoft.AspNetCore.Components": {
        "type": "Transitive",
        "resolved": "5.0.4",
        "contentHash": "Jp2CH8XuXz7oF2qapZdL1P9Nrnc1YHeApyY9reUSsdYNkjRXKn/zFhXT1SCkMOpsz/I4zNMs12nB/LnzkThK2Q==",
        "dependencies": {
          "Microsoft.AspNetCore.Authorization": "5.0.4",
          "Microsoft.AspNetCore.Components.Analyzers": "5.0.4"
        }
      },
      "Microsoft.AspNetCore.Components.Analyzers": {
        "type": "Transitive",
        "resolved": "5.0.4",
        "contentHash": "GL8TgvVEhkX/HOw+y/N3McmVYFLBN0ZZeWLrBoECfqkgYKsK85vNSQx+LSrDNJvNguBXCC+HfPG4joQAKn8IOg=="
      },
      "Microsoft.AspNetCore.Components.Authorization": {
        "type": "Transitive",
        "resolved": "5.0.4",
        "contentHash": "96WXXbl6z5pVHiVHJ6UQ5+u3ssEBdLlKj9zLPlNsghLOh0xf8Eg+ZXB8zli95IU5rQw65Lcm+QWcJd+1AJxEWQ==",
        "dependencies": {
          "Microsoft.AspNetCore.Authorization": "5.0.4",
          "Microsoft.AspNetCore.Components": "5.0.4"
        }
      },
      "Microsoft.AspNetCore.Components.Forms": {
        "type": "Transitive",
        "resolved": "5.0.4",
        "contentHash": "yFRVKCxEddSqOr5T9Y8AnxpqaKqUcAnxKnpMQNNki+R3DkuxslD1AhkkzwIF9OG0f9mxrVcnp3iQ290r9g1k9A==",
        "dependencies": {
          "Microsoft.AspNetCore.Components": "5.0.4"
        }
      },
      "Microsoft.AspNetCore.Components.Web": {
        "type": "Transitive",
        "resolved": "5.0.4",
        "contentHash": "WypuPxkJiX+aeQO4hc0szU6OQKFA7zQyki8q+62J030GFbrPRDtc6D1LFbLjvH0OWjvCWraU4EAwH63qOult6w==",
        "dependencies": {
          "Microsoft.AspNetCore.Components": "5.0.4",
          "Microsoft.AspNetCore.Components.Forms": "5.0.4",
          "Microsoft.Extensions.DependencyInjection": "5.0.1",
          "Microsoft.JSInterop": "5.0.4",
          "System.IO.Pipelines": "5.0.1"
        }
      },
      "Microsoft.AspNetCore.Metadata": {
        "type": "Transitive",
        "resolved": "5.0.4",
        "contentHash": "G5XkoTq4fj/zPUh/DO3GxdrP4IRclhTN16ni4oJUMVnqaW2VnfUSiR+lJj6NOPaFxXZByy4K9cnERB2xd6SXfw=="
      },
      "Microsoft.Extensions.Configuration": {
        "type": "Transitive",
        "resolved": "5.0.0",
        "contentHash": "LN322qEKHjuVEhhXueTUe7RNePooZmS8aGid5aK2woX3NPjSnONFyKUc6+JknOS6ce6h2tCLfKPTBXE3mN/6Ag==",
        "dependencies": {
          "Microsoft.Extensions.Configuration.Abstractions": "5.0.0",
          "Microsoft.Extensions.Primitives": "5.0.0"
        }
      },
      "Microsoft.Extensions.Configuration.Abstractions": {
        "type": "Transitive",
        "resolved": "5.0.0",
        "contentHash": "ETjSBHMp3OAZ4HxGQYpwyGsD8Sw5FegQXphi0rpoGMT74S4+I2mm7XJEswwn59XAaKOzC15oDSOWEE8SzDCd6Q==",
        "dependencies": {
          "Microsoft.Extensions.Primitives": "5.0.0"
        }
      },
      "Microsoft.Extensions.Configuration.Binder": {
        "type": "Transitive",
        "resolved": "5.0.0",
        "contentHash": "Of1Irt1+NzWO+yEYkuDh5TpT4On7LKl98Q9iLqCdOZps6XXEWDj3AKtmyvzJPVXZe4apmkJJIiDL7rR1yC+hjQ==",
        "dependencies": {
          "Microsoft.Extensions.Configuration.Abstractions": "5.0.0"
        }
      },
      "Microsoft.Extensions.Configuration.FileExtensions": {
        "type": "Transitive",
        "resolved": "5.0.0",
        "contentHash": "rRdspYKA18ViPOISwAihhCMbusHsARCOtDMwa23f+BGEdIjpKPlhs3LLjmKlxfhpGXBjIsS0JpXcChjRUN+PAw==",
        "dependencies": {
          "Microsoft.Extensions.Configuration": "5.0.0",
          "Microsoft.Extensions.Configuration.Abstractions": "5.0.0",
          "Microsoft.Extensions.FileProviders.Abstractions": "5.0.0",
          "Microsoft.Extensions.FileProviders.Physical": "5.0.0",
          "Microsoft.Extensions.Primitives": "5.0.0"
        }
      },
      "Microsoft.Extensions.Configuration.Json": {
        "type": "Transitive",
        "resolved": "5.0.0",
        "contentHash": "Pak8ymSUfdzPfBTLHxeOwcR32YDbuVfhnH2hkfOLnJNQd19ItlBdpMjIDY9C5O/nS2Sn9bzDMai0ZrvF7KyY/Q==",
        "dependencies": {
          "Microsoft.Extensions.Configuration": "5.0.0",
          "Microsoft.Extensions.Configuration.Abstractions": "5.0.0",
          "Microsoft.Extensions.Configuration.FileExtensions": "5.0.0",
          "Microsoft.Extensions.FileProviders.Abstractions": "5.0.0"
        }
      },
      "Microsoft.Extensions.DependencyInjection": {
        "type": "Transitive",
        "resolved": "5.0.1",
        "contentHash": "//mDNrYeiJ0eh/awFhDFJQzkRVra/njU5Y4fyK7X29g5HScrzbUkKOKlyTtygthcGFt4zNC8G5CFCjb/oizomA==",
        "dependencies": {
          "Microsoft.Extensions.DependencyInjection.Abstractions": "5.0.0"
        }
      },
      "Microsoft.Extensions.DependencyInjection.Abstractions": {
        "type": "Transitive",
        "resolved": "5.0.0",
        "contentHash": "ORj7Zh81gC69TyvmcUm9tSzytcy8AVousi+IVRAI8nLieQjOFryRusSFh7+aLk16FN9pQNqJAiMd7BTKINK0kA=="
      },
      "Microsoft.Extensions.FileProviders.Abstractions": {
        "type": "Transitive",
        "resolved": "5.0.0",
        "contentHash": "iuZIiZ3mteEb+nsUqpGXKx2cGF+cv6gWPd5jqQI4hzqdiJ6I94ddLjKhQOuRW1lueHwocIw30xbSHGhQj0zjdQ==",
        "dependencies": {
          "Microsoft.Extensions.Primitives": "5.0.0"
        }
      },
      "Microsoft.Extensions.FileProviders.Physical": {
        "type": "Transitive",
        "resolved": "5.0.0",
        "contentHash": "1rkd8UO2qf21biwO7X0hL9uHP7vtfmdv/NLvKgCRHkdz1XnW8zVQJXyEYiN68WYpExgtVWn55QF0qBzgfh1mGg==",
        "dependencies": {
          "Microsoft.Extensions.FileProviders.Abstractions": "5.0.0",
          "Microsoft.Extensions.FileSystemGlobbing": "5.0.0",
          "Microsoft.Extensions.Primitives": "5.0.0"
        }
      },
      "Microsoft.Extensions.FileSystemGlobbing": {
        "type": "Transitive",
        "resolved": "5.0.0",
        "contentHash": "ArliS8lGk8sWRtrWpqI8yUVYJpRruPjCDT+EIjrgkA/AAPRctlAkRISVZ334chAKktTLzD1+PK8F5IZpGedSqA=="
      },
      "Microsoft.Extensions.Logging": {
        "type": "Transitive",
        "resolved": "5.0.0",
        "contentHash": "MgOwK6tPzB6YNH21wssJcw/2MKwee8b2gI7SllYfn6rvTpIrVvVS5HAjSU2vqSku1fwqRvWP0MdIi14qjd93Aw==",
        "dependencies": {
          "Microsoft.Extensions.DependencyInjection": "5.0.0",
          "Microsoft.Extensions.DependencyInjection.Abstractions": "5.0.0",
          "Microsoft.Extensions.Logging.Abstractions": "5.0.0",
          "Microsoft.Extensions.Options": "5.0.0"
        }
      },
      "Microsoft.Extensions.Logging.Abstractions": {
        "type": "Transitive",
        "resolved": "5.0.0",
        "contentHash": "NxP6ahFcBnnSfwNBi2KH2Oz8Xl5Sm2krjId/jRR3I7teFphwiUoUeZPwTNA21EX+5PtjqmyAvKaOeBXcJjcH/w=="
      },
      "Microsoft.Extensions.Options": {
        "type": "Transitive",
        "resolved": "5.0.0",
        "contentHash": "CBvR92TCJ5uBIdd9/HzDSrxYak+0W/3+yxrNg8Qm6Bmrkh5L+nu6m3WeazQehcZ5q1/6dDA7J5YdQjim0165zg==",
        "dependencies": {
          "Microsoft.Extensions.DependencyInjection.Abstractions": "5.0.0",
          "Microsoft.Extensions.Primitives": "5.0.0"
        }
      },
      "Microsoft.Extensions.Primitives": {
        "type": "Transitive",
        "resolved": "5.0.0",
        "contentHash": "cI/VWn9G1fghXrNDagX9nYaaB/nokkZn0HYAawGaELQrl8InSezfe9OnfPZLcJq3esXxygh3hkq2c3qoV3SDyQ=="
      },
      "Microsoft.JSInterop": {
        "type": "Transitive",
        "resolved": "5.0.4",
        "contentHash": "RfsrVrO9YAL+qn3SRcvsqFaRREP4bJWy0SeF6yRlviouEdsIXkY2YVMdGzF02+CsCAlRvcEa2QrbUrcrpx9vPQ=="
      },
      "Microsoft.JSInterop.WebAssembly": {
        "type": "Transitive",
        "resolved": "5.0.4",
        "contentHash": "reONbMSB5UZz253OlKuWMWZGHZHN1t8t3KaTGmcg9WYueNMv3eWEThSw6k0siwC//N4PLX4SiUtz14HYA/Nf3g==",
        "dependencies": {
          "Microsoft.JSInterop": "5.0.4"
        }
      },
      "Microsoft.NETCore.Platforms": {
        "type": "Transitive",
        "resolved": "1.1.0",
        "contentHash": "kz0PEW2lhqygehI/d6XsPCQzD7ff7gUJaVGPVETX611eadGsA3A877GdSlU0LRVMCTH/+P3o2iDTak+S08V2+A=="
      },
      "Microsoft.NETCore.Targets": {
        "type": "Transitive",
        "resolved": "1.1.0",
        "contentHash": "aOZA3BWfz9RXjpzt0sRJJMjAscAUm3Hoa4UWAfceV9UTYxgwZ1lZt5nO2myFf+/jetYQo4uTP7zS8sJY67BBxg=="
      },
      "Refit": {
        "type": "Transitive",
        "resolved": "6.0.38",
        "contentHash": "1wKjkHYDUp6TrQ0fK6w6CXguJ+kkGYj2IpPMfzyLQM+uinDYzYqWQ0kcsGxmTWGuWM4rYbUZN7IYFtSDD4x0Yw==",
        "dependencies": {
          "System.Net.Http.Json": "5.0.0"
        }
      },
      "Serilog": {
        "type": "Transitive",
        "resolved": "2.10.0",
        "contentHash": "+QX0hmf37a0/OZLxM3wL7V6/ADvC1XihXN4Kq/p6d8lCPfgkRdiuhbWlMaFjR9Av0dy5F0+MBeDmDdRZN/YwQA=="
      },
      "Serilog.Formatting.Compact": {
        "type": "Transitive",
        "resolved": "1.1.0",
        "contentHash": "pNroKVjo+rDqlxNG5PXkRLpfSCuDOBY0ri6jp9PLe505ljqwhwZz8ospy2vWhQlFu5GkIesh3FcDs4n7sWZODA==",
        "dependencies": {
          "Serilog": "2.8.0"
        }
      },
      "Serilog.Sinks.PeriodicBatching": {
        "type": "Transitive",
        "resolved": "2.2.0",
        "contentHash": "aL7gNYtyd0Xu7e6eqtn16ZSkS1IQI5v+EEcR10MIpqtIC6/c9aQ09/rYC84Yhh2VV1rIbPyWSv3/jv6GTjlnLg==",
        "dependencies": {
          "Serilog": "2.0.0",
          "System.Collections.Concurrent": "4.0.12",
          "System.Threading.Timer": "4.0.1"
        }
      },
      "StyleCop.Analyzers.Unstable": {
        "type": "Transitive",
        "resolved": "1.2.0.333",
        "contentHash": "7mwxcwa3xZnyU71OTqSgntCDpsZ5gkc4saXhuJeyg5Xc+3xiQxzyhy26uG8rVF8Z7GKpXCsHCL3rd5ZomA+a/A=="
      },
      "System.Collections": {
        "type": "Transitive",
        "resolved": "4.0.11",
        "contentHash": "YUJGz6eFKqS0V//mLt25vFGrrCvOnsXjlvFQs+KimpwNxug9x0Pzy4PlFMU3Q2IzqAa9G2L4LsK3+9vCBK7oTg==",
        "dependencies": {
          "Microsoft.NETCore.Platforms": "1.0.1",
          "Microsoft.NETCore.Targets": "1.0.1",
          "System.Runtime": "4.1.0"
        }
      },
      "System.Collections.Concurrent": {
        "type": "Transitive",
        "resolved": "4.0.12",
        "contentHash": "2gBcbb3drMLgxlI0fBfxMA31ec6AEyYCHygGse4vxceJan8mRIWeKJ24BFzN7+bi/NFTgdIgufzb94LWO5EERQ==",
        "dependencies": {
          "System.Collections": "4.0.11",
          "System.Diagnostics.Debug": "4.0.11",
          "System.Diagnostics.Tracing": "4.1.0",
          "System.Globalization": "4.0.11",
          "System.Reflection": "4.1.0",
          "System.Resources.ResourceManager": "4.0.1",
          "System.Runtime": "4.1.0",
          "System.Runtime.Extensions": "4.1.0",
          "System.Threading": "4.0.11",
          "System.Threading.Tasks": "4.0.11"
        }
      },
      "System.Diagnostics.Debug": {
        "type": "Transitive",
        "resolved": "4.0.11",
        "contentHash": "w5U95fVKHY4G8ASs/K5iK3J5LY+/dLFd4vKejsnI/ZhBsWS9hQakfx3Zr7lRWKg4tAw9r4iktyvsTagWkqYCiw==",
        "dependencies": {
          "Microsoft.NETCore.Platforms": "1.0.1",
          "Microsoft.NETCore.Targets": "1.0.1",
          "System.Runtime": "4.1.0"
        }
      },
      "System.Diagnostics.Tracing": {
        "type": "Transitive",
        "resolved": "4.1.0",
        "contentHash": "vDN1PoMZCkkdNjvZLql592oYJZgS7URcJzJ7bxeBgGtx5UtR5leNm49VmfHGqIffX4FKacHbI3H6UyNSHQknBg==",
        "dependencies": {
          "Microsoft.NETCore.Platforms": "1.0.1",
          "Microsoft.NETCore.Targets": "1.0.1",
          "System.Runtime": "4.1.0"
        }
      },
      "System.Globalization": {
        "type": "Transitive",
        "resolved": "4.0.11",
        "contentHash": "B95h0YLEL2oSnwF/XjqSWKnwKOy/01VWkNlsCeMTFJLLabflpGV26nK164eRs5GiaRSBGpOxQ3pKoSnnyZN5pg==",
        "dependencies": {
          "Microsoft.NETCore.Platforms": "1.0.1",
          "Microsoft.NETCore.Targets": "1.0.1",
          "System.Runtime": "4.1.0"
        }
      },
      "System.IO": {
        "type": "Transitive",
        "resolved": "4.3.0",
        "contentHash": "3qjaHvxQPDpSOYICjUoTsmoq5u6QJAFRUITgeT/4gqkF1bajbSmb1kwSxEA8AHlofqgcKJcM8udgieRNhaJ5Cg==",
        "dependencies": {
          "Microsoft.NETCore.Platforms": "1.1.0",
          "Microsoft.NETCore.Targets": "1.1.0",
          "System.Runtime": "4.3.0",
          "System.Text.Encoding": "4.3.0",
          "System.Threading.Tasks": "4.3.0"
        }
      },
      "System.IO.Pipelines": {
        "type": "Transitive",
        "resolved": "5.0.1",
        "contentHash": "qEePWsaq9LoEEIqhbGe6D5J8c9IqQOUuTzzV6wn1POlfdLkJliZY3OlB0j0f17uMWlqZYjH7txj+2YbyrIA8Yg=="
      },
      "System.Reflection": {
        "type": "Transitive",
        "resolved": "4.3.0",
        "contentHash": "KMiAFoW7MfJGa9nDFNcfu+FpEdiHpWgTcS2HdMpDvt9saK3y/G4GwprPyzqjFH9NTaGPQeWNHU+iDlDILj96aQ==",
        "dependencies": {
          "Microsoft.NETCore.Platforms": "1.1.0",
          "Microsoft.NETCore.Targets": "1.1.0",
          "System.IO": "4.3.0",
          "System.Reflection.Primitives": "4.3.0",
          "System.Runtime": "4.3.0"
        }
      },
      "System.Reflection.Primitives": {
        "type": "Transitive",
        "resolved": "4.3.0",
        "contentHash": "5RXItQz5As4xN2/YUDxdpsEkMhvw3e6aNveFXUn4Hl/udNTCNhnKp8lT9fnc3MhvGKh1baak5CovpuQUXHAlIA==",
        "dependencies": {
          "Microsoft.NETCore.Platforms": "1.1.0",
          "Microsoft.NETCore.Targets": "1.1.0",
          "System.Runtime": "4.3.0"
        }
      },
      "System.Resources.ResourceManager": {
        "type": "Transitive",
        "resolved": "4.0.1",
        "contentHash": "TxwVeUNoTgUOdQ09gfTjvW411MF+w9MBYL7AtNVc+HtBCFlutPLhUCdZjNkjbhj3bNQWMdHboF0KIWEOjJssbA==",
        "dependencies": {
          "Microsoft.NETCore.Platforms": "1.0.1",
          "Microsoft.NETCore.Targets": "1.0.1",
          "System.Globalization": "4.0.11",
          "System.Reflection": "4.1.0",
          "System.Runtime": "4.1.0"
        }
      },
      "System.Runtime": {
        "type": "Transitive",
        "resolved": "4.3.0",
        "contentHash": "JufQi0vPQ0xGnAczR13AUFglDyVYt4Kqnz1AZaiKZ5+GICq0/1MH/mO/eAJHt/mHW1zjKBJd7kV26SrxddAhiw==",
        "dependencies": {
          "Microsoft.NETCore.Platforms": "1.1.0",
          "Microsoft.NETCore.Targets": "1.1.0"
        }
      },
      "System.Runtime.Extensions": {
        "type": "Transitive",
        "resolved": "4.1.0",
        "contentHash": "CUOHjTT/vgP0qGW22U4/hDlOqXmcPq5YicBaXdUR2UiUoLwBT+olO6we4DVbq57jeX5uXH2uerVZhf0qGj+sVQ==",
        "dependencies": {
          "Microsoft.NETCore.Platforms": "1.0.1",
          "Microsoft.NETCore.Targets": "1.0.1",
          "System.Runtime": "4.1.0"
        }
      },
      "System.Runtime.Loader": {
        "type": "Transitive",
        "resolved": "4.3.0",
        "contentHash": "DHMaRn8D8YCK2GG2pw+UzNxn/OHVfaWx7OTLBD/hPegHZZgcZh3H6seWegrC4BYwsfuGrywIuT+MQs+rPqRLTQ==",
        "dependencies": {
          "System.IO": "4.3.0",
          "System.Reflection": "4.3.0",
          "System.Runtime": "4.3.0"
        }
      },
      "System.Text.Encoding": {
        "type": "Transitive",
        "resolved": "4.3.0",
        "contentHash": "BiIg+KWaSDOITze6jGQynxg64naAPtqGHBwDrLaCtixsa5bKiR8dpPOHA7ge3C0JJQizJE+sfkz1wV+BAKAYZw==",
        "dependencies": {
          "Microsoft.NETCore.Platforms": "1.1.0",
          "Microsoft.NETCore.Targets": "1.1.0",
          "System.Runtime": "4.3.0"
        }
      },
      "System.Threading": {
        "type": "Transitive",
        "resolved": "4.0.11",
        "contentHash": "N+3xqIcg3VDKyjwwCGaZ9HawG9aC6cSDI+s7ROma310GQo8vilFZa86hqKppwTHleR/G0sfOzhvgnUxWCR/DrQ==",
        "dependencies": {
          "System.Runtime": "4.1.0",
          "System.Threading.Tasks": "4.0.11"
        }
      },
      "System.Threading.Tasks": {
        "type": "Transitive",
        "resolved": "4.3.0",
        "contentHash": "LbSxKEdOUhVe8BezB/9uOGGppt+nZf6e1VFyw6v3DN6lqitm0OSn2uXMOdtP0M3W4iMcqcivm2J6UgqiwwnXiA==",
        "dependencies": {
          "Microsoft.NETCore.Platforms": "1.1.0",
          "Microsoft.NETCore.Targets": "1.1.0",
          "System.Runtime": "4.3.0"
        }
      },
      "System.Threading.Timer": {
        "type": "Transitive",
        "resolved": "4.0.1",
        "contentHash": "saGfUV8uqVW6LeURiqxcGhZ24PzuRNaUBtbhVeuUAvky1naH395A/1nY0P2bWvrw/BreRtIB/EzTDkGBpqCwEw==",
        "dependencies": {
          "Microsoft.NETCore.Platforms": "1.0.1",
          "Microsoft.NETCore.Targets": "1.0.1",
          "System.Runtime": "4.1.0"
        }
      },
      "Kritikos.Sphinx.Web.Shared": {
        "type": "Project",
        "dependencies": {
          "Refit.HttpClientFactory": "6.0.38"
        }
      }
    },
    ".NETCoreApp,Version=v5.0/browser-wasm": {
      "runtime.any.System.Collections": {
        "type": "Transitive",
        "resolved": "4.3.0",
        "contentHash": "23g6rqftKmovn2cLeGsuHUYm0FD7pdutb0uQMJpZ3qTvq+zHkgmt6J65VtRry4WDGYlmkMa4xDACtaQ94alNag==",
        "dependencies": {
          "System.Runtime": "4.3.0"
        }
      },
      "runtime.any.System.Diagnostics.Tracing": {
        "type": "Transitive",
        "resolved": "4.3.0",
        "contentHash": "1lpifymjGDzoYIaam6/Hyqf8GhBI3xXYLK2TgEvTtuZMorG3Kb9QnMTIKhLjJYXIiu1JvxjngHvtVFQQlpQ3HQ=="
      },
      "runtime.any.System.Globalization": {
        "type": "Transitive",
        "resolved": "4.3.0",
        "contentHash": "sMDBnad4rp4t7GY442Jux0MCUuKL4otn5BK6Ni0ARTXTSpRNBzZ7hpMfKSvnVSED5kYJm96YOWsqV0JH0d2uuw=="
      },
      "runtime.any.System.IO": {
        "type": "Transitive",
        "resolved": "4.3.0",
        "contentHash": "SDZ5AD1DtyRoxYtEcqQ3HDlcrorMYXZeCt7ZhG9US9I5Vva+gpIWDGMkcwa5XiKL0ceQKRZIX2x0XEjLX7PDzQ=="
      },
      "runtime.any.System.Reflection": {
        "type": "Transitive",
        "resolved": "4.3.0",
        "contentHash": "hLC3A3rI8jipR5d9k7+f0MgRCW6texsAp0MWkN/ci18FMtQ9KH7E2vDn/DH2LkxsszlpJpOn9qy6Z6/69rH6eQ=="
      },
      "runtime.any.System.Reflection.Primitives": {
        "type": "Transitive",
        "resolved": "4.3.0",
        "contentHash": "Nrm1p3armp6TTf2xuvaa+jGTTmncALWFq22CpmwRvhDf6dE9ZmH40EbOswD4GnFLrMRS0Ki6Kx5aUPmKK/hZBg=="
      },
      "runtime.any.System.Resources.ResourceManager": {
        "type": "Transitive",
        "resolved": "4.3.0",
        "contentHash": "Lxb89SMvf8w9p9+keBLyL6H6x/TEmc6QVsIIA0T36IuyOY3kNvIdyGddA2qt35cRamzxF8K5p0Opq4G4HjNbhQ=="
      },
      "runtime.any.System.Runtime": {
        "type": "Transitive",
        "resolved": "4.3.0",
        "contentHash": "fRS7zJgaG9NkifaAxGGclDDoRn9HC7hXACl52Or06a/fxdzDajWb5wov3c6a+gVSlekRoexfjwQSK9sh5um5LQ==",
        "dependencies": {
          "System.Private.Uri": "4.3.0"
        }
      },
      "runtime.any.System.Text.Encoding": {
        "type": "Transitive",
        "resolved": "4.3.0",
        "contentHash": "+ihI5VaXFCMVPJNstG4O4eo1CfbrByLxRrQQTqOTp1ttK0kUKDqOdBSTaCB2IBk/QtjDrs6+x4xuezyMXdm0HQ=="
      },
      "runtime.any.System.Threading.Tasks": {
        "type": "Transitive",
        "resolved": "4.3.0",
        "contentHash": "OhBAVBQG5kFj1S+hCEQ3TUHBAEtZ3fbEMgZMRNdN8A0Pj4x+5nTELEqL59DU0TjKVE6II3dqKw4Dklb3szT65w=="
      },
      "runtime.any.System.Threading.Timer": {
        "type": "Transitive",
        "resolved": "4.3.0",
        "contentHash": "w4ehZJ+AwXYmGwYu+rMvym6RvMaRiUEQR1u6dwcyuKHxz8Heu/mO9AG1MquEgTyucnhv3M43X0iKpDOoN17C0w=="
      },
      "System.Collections": {
        "type": "Transitive",
        "resolved": "4.0.11",
        "contentHash": "YUJGz6eFKqS0V//mLt25vFGrrCvOnsXjlvFQs+KimpwNxug9x0Pzy4PlFMU3Q2IzqAa9G2L4LsK3+9vCBK7oTg==",
        "dependencies": {
          "Microsoft.NETCore.Platforms": "1.0.1",
          "Microsoft.NETCore.Targets": "1.0.1",
          "System.Runtime": "4.1.0",
          "runtime.any.System.Collections": "4.3.0"
        }
      },
      "System.Diagnostics.Tracing": {
        "type": "Transitive",
        "resolved": "4.1.0",
        "contentHash": "vDN1PoMZCkkdNjvZLql592oYJZgS7URcJzJ7bxeBgGtx5UtR5leNm49VmfHGqIffX4FKacHbI3H6UyNSHQknBg==",
        "dependencies": {
          "Microsoft.NETCore.Platforms": "1.0.1",
          "Microsoft.NETCore.Targets": "1.0.1",
          "System.Runtime": "4.1.0",
          "runtime.any.System.Diagnostics.Tracing": "4.3.0"
        }
      },
      "System.Globalization": {
        "type": "Transitive",
        "resolved": "4.0.11",
        "contentHash": "B95h0YLEL2oSnwF/XjqSWKnwKOy/01VWkNlsCeMTFJLLabflpGV26nK164eRs5GiaRSBGpOxQ3pKoSnnyZN5pg==",
        "dependencies": {
          "Microsoft.NETCore.Platforms": "1.0.1",
          "Microsoft.NETCore.Targets": "1.0.1",
          "System.Runtime": "4.1.0",
          "runtime.any.System.Globalization": "4.3.0"
        }
      },
      "System.IO": {
        "type": "Transitive",
        "resolved": "4.3.0",
        "contentHash": "3qjaHvxQPDpSOYICjUoTsmoq5u6QJAFRUITgeT/4gqkF1bajbSmb1kwSxEA8AHlofqgcKJcM8udgieRNhaJ5Cg==",
        "dependencies": {
          "Microsoft.NETCore.Platforms": "1.1.0",
          "Microsoft.NETCore.Targets": "1.1.0",
          "System.Runtime": "4.3.0",
          "System.Text.Encoding": "4.3.0",
          "System.Threading.Tasks": "4.3.0",
          "runtime.any.System.IO": "4.3.0"
        }
      },
      "System.Private.Uri": {
        "type": "Transitive",
        "resolved": "4.3.0",
        "contentHash": "I4SwANiUGho1esj4V4oSlPllXjzCZDE+5XXso2P03LW2vOda2Enzh8DWOxwN6hnrJyp314c7KuVu31QYhRzOGg==",
        "dependencies": {
          "Microsoft.NETCore.Platforms": "1.1.0",
          "Microsoft.NETCore.Targets": "1.1.0"
        }
      },
      "System.Reflection": {
        "type": "Transitive",
        "resolved": "4.3.0",
        "contentHash": "KMiAFoW7MfJGa9nDFNcfu+FpEdiHpWgTcS2HdMpDvt9saK3y/G4GwprPyzqjFH9NTaGPQeWNHU+iDlDILj96aQ==",
        "dependencies": {
          "Microsoft.NETCore.Platforms": "1.1.0",
          "Microsoft.NETCore.Targets": "1.1.0",
          "System.IO": "4.3.0",
          "System.Reflection.Primitives": "4.3.0",
          "System.Runtime": "4.3.0",
          "runtime.any.System.Reflection": "4.3.0"
        }
      },
      "System.Reflection.Primitives": {
        "type": "Transitive",
        "resolved": "4.3.0",
        "contentHash": "5RXItQz5As4xN2/YUDxdpsEkMhvw3e6aNveFXUn4Hl/udNTCNhnKp8lT9fnc3MhvGKh1baak5CovpuQUXHAlIA==",
        "dependencies": {
          "Microsoft.NETCore.Platforms": "1.1.0",
          "Microsoft.NETCore.Targets": "1.1.0",
          "System.Runtime": "4.3.0",
          "runtime.any.System.Reflection.Primitives": "4.3.0"
        }
      },
      "System.Resources.ResourceManager": {
        "type": "Transitive",
        "resolved": "4.0.1",
        "contentHash": "TxwVeUNoTgUOdQ09gfTjvW411MF+w9MBYL7AtNVc+HtBCFlutPLhUCdZjNkjbhj3bNQWMdHboF0KIWEOjJssbA==",
        "dependencies": {
          "Microsoft.NETCore.Platforms": "1.0.1",
          "Microsoft.NETCore.Targets": "1.0.1",
          "System.Globalization": "4.0.11",
          "System.Reflection": "4.1.0",
          "System.Runtime": "4.1.0",
          "runtime.any.System.Resources.ResourceManager": "4.3.0"
        }
      },
      "System.Runtime": {
        "type": "Transitive",
        "resolved": "4.3.0",
        "contentHash": "JufQi0vPQ0xGnAczR13AUFglDyVYt4Kqnz1AZaiKZ5+GICq0/1MH/mO/eAJHt/mHW1zjKBJd7kV26SrxddAhiw==",
        "dependencies": {
          "Microsoft.NETCore.Platforms": "1.1.0",
          "Microsoft.NETCore.Targets": "1.1.0",
          "runtime.any.System.Runtime": "4.3.0"
        }
      },
      "System.Text.Encoding": {
        "type": "Transitive",
        "resolved": "4.3.0",
        "contentHash": "BiIg+KWaSDOITze6jGQynxg64naAPtqGHBwDrLaCtixsa5bKiR8dpPOHA7ge3C0JJQizJE+sfkz1wV+BAKAYZw==",
        "dependencies": {
          "Microsoft.NETCore.Platforms": "1.1.0",
          "Microsoft.NETCore.Targets": "1.1.0",
          "System.Runtime": "4.3.0",
          "runtime.any.System.Text.Encoding": "4.3.0"
        }
      },
      "System.Threading.Tasks": {
        "type": "Transitive",
        "resolved": "4.3.0",
        "contentHash": "LbSxKEdOUhVe8BezB/9uOGGppt+nZf6e1VFyw6v3DN6lqitm0OSn2uXMOdtP0M3W4iMcqcivm2J6UgqiwwnXiA==",
        "dependencies": {
          "Microsoft.NETCore.Platforms": "1.1.0",
          "Microsoft.NETCore.Targets": "1.1.0",
          "System.Runtime": "4.3.0",
          "runtime.any.System.Threading.Tasks": "4.3.0"
        }
      },
      "System.Threading.Timer": {
        "type": "Transitive",
        "resolved": "4.0.1",
        "contentHash": "saGfUV8uqVW6LeURiqxcGhZ24PzuRNaUBtbhVeuUAvky1naH395A/1nY0P2bWvrw/BreRtIB/EzTDkGBpqCwEw==",
        "dependencies": {
          "Microsoft.NETCore.Platforms": "1.0.1",
          "Microsoft.NETCore.Targets": "1.0.1",
          "System.Runtime": "4.1.0",
          "runtime.any.System.Threading.Timer": "4.3.0"
        }
      }
    }
  }
}